
Microsoft Visual Studio Solution File, Format Version 12.00
# Visual Studio Version 17
VisualStudioVersion = 17.6.33815.320
MinimumVisualStudioVersion = 10.0.40219.1
Project("{FAE04EC0-301F-11D3-BF4B-00C04F79EFBC}") = "P01.ReverseString", "P01.ReverseString\P01.ReverseString.csproj", "{EBB84BF0-327E-454D-8E81-0076ED5F407C}"
EndProject
Project("{FAE04EC0-301F-11D3-BF4B-00C04F79EFBC}") = "P02.StackSum", "P02.StackSum\P02.StackSum.csproj", "{C968420E-DC28-4195-962F-F161DE70B146}"
EndProject
Project("{FAE04EC0-301F-11D3-BF4B-00C04F79EFBC}") = "P03.SimpleCalculator", "P03.SimpleCalculator\P03.SimpleCalculator.csproj", "{633CC3B6-6150-4F20-B263-D34095F5DB87}"
EndProject
Project("{FAE04EC0-301F-11D3-BF4B-00C04F79EFBC}") = "P04.MatchingBrackets", "P04.MatchingBrackets\P04.MatchingBrackets.csproj", "{809C1DDE-F72E-420B-A13E-0D6DFA2BEC43}"
EndProject
Global
	GlobalSection(SolutionConfigurationPlatforms) = preSolution
		Debug|Any CPU = Debug|Any CPU
		Release|Any CPU = Release|Any CPU
	EndGlobalSection
	GlobalSection(ProjectConfigurationPlatforms) = postSolution
		{EBB84BF0-327E-454D-8E81-0076ED5F407C}.Debug|Any CPU.ActiveCfg = Debug|Any CPU
		{EBB84BF0-327E-454D-8E81-0076ED5F407C}.Debug|Any CPU.Build.0 = Debug|Any CPU
		{EBB84BF0-327E-454D-8E81-0076ED5F407C}.Release|Any CPU.ActiveCfg = Release|Any CPU
		{EBB84BF0-327E-454D-8E81-0076ED5F407C}.Release|Any CPU.Build.0 = Release|Any CPU
		{C968420E-DC28-4195-962F-F161DE70B146}.Debug|Any CPU.ActiveCfg = Debug|Any CPU
		{C968420E-DC28-4195-962F-F161DE70B146}.Debug|Any CPU.Build.0 = Debug|Any CPU
		{C968420E-DC28-4195-962F-F161DE70B146}.Release|Any CPU.ActiveCfg = Release|Any CPU
		{C968420E-DC28-4195-962F-F161DE70B146}.Release|Any CPU.Build.0 = Release|Any CPU
		{633CC3B6-6150-4F20-B263-D34095F5DB87}.Debug|Any CPU.ActiveCfg = Debug|Any CPU
		{633CC3B6-6150-4F20-B263-D34095F5DB87}.Debug|Any CPU.Build.0 = Debug|Any CPU
		{633CC3B6-6150-4F20-B263-D34095F5DB87}.Release|Any CPU.ActiveCfg = Release|Any CPU
		{633CC3B6-6150-4F20-B263-D34095F5DB87}.Release|Any CPU.Build.0 = Release|Any CPU
		{809C1DDE-F72E-420B-A13E-0D6DFA2BEC43}.Debug|Any CPU.ActiveCfg = Debug|Any CPU
		{809C1DDE-F72E-420B-A13E-0D6DFA2BEC43}.Debug|Any CPU.Build.0 = Debug|Any CPU
		{809C1DDE-F72E-420B-A13E-0D6DFA2BEC43}.Release|Any CPU.ActiveCfg = Release|Any CPU
		{809C1DDE-F72E-420B-A13E-0D6DFA2BEC43}.Release|Any CPU.Build.0 = Release|Any CPU
	EndGlobalSection
	GlobalSection(SolutionProperties) = preSolution
		HideSolutionNode = FALSE
	EndGlobalSection
	GlobalSection(ExtensibilityGlobals) = postSolution
		SolutionGuid = {C40417D7-3563-419C-AD3D-17BC126BEB83}
	EndGlobalSection
EndGlobal
